// !$*UTF8*$!
{
	archiveVersion = 1;
	classes = {
	};
	objectVersion = 50;
	objects = {

/* Begin PBXBuildFile section */
		040701E22085847800AA1F2B /* AppDelegate.m in Sources */ = {isa = PBXBuildFile; fileRef = 040701E12085847800AA1F2B /* AppDelegate.m */; };
		040701E52085847800AA1F2B /* ViewController.m in Sources */ = {isa = PBXBuildFile; fileRef = 040701E42085847800AA1F2B /* ViewController.m */; };
		040701E82085847800AA1F2B /* Main.storyboard in Resources */ = {isa = PBXBuildFile; fileRef = 040701E62085847800AA1F2B /* Main.storyboard */; };
		040701EA2085847A00AA1F2B /* Assets.xcassets in Resources */ = {isa = PBXBuildFile; fileRef = 040701E92085847A00AA1F2B /* Assets.xcassets */; };
		040701ED2085847A00AA1F2B /* LaunchScreen.storyboard in Resources */ = {isa = PBXBuildFile; fileRef = 040701EB2085847A00AA1F2B /* LaunchScreen.storyboard */; };
		040701F02085847A00AA1F2B /* main.m in Sources */ = {isa = PBXBuildFile; fileRef = 040701EF2085847A00AA1F2B /* main.m */; };
		040701FA2085847A00AA1F2B /* PSCategoryTests.m in Sources */ = {isa = PBXBuildFile; fileRef = 040701F92085847A00AA1F2B /* PSCategoryTests.m */; };
		040702052085847A00AA1F2B /* PSCategoryUITests.m in Sources */ = {isa = PBXBuildFile; fileRef = 040702042085847A00AA1F2B /* PSCategoryUITests.m */; };
		040702252085860000AA1F2B /* UIButton+countDown.m in Sources */ = {isa = PBXBuildFile; fileRef = 04070213208585FF00AA1F2B /* UIButton+countDown.m */; };
		040702262085860000AA1F2B /* UIView+BaseMethod.m in Sources */ = {isa = PBXBuildFile; fileRef = 04070216208585FF00AA1F2B /* UIView+BaseMethod.m */; };
		040702272085860000AA1F2B /* UIView+Gesture.m in Sources */ = {isa = PBXBuildFile; fileRef = 04070217208585FF00AA1F2B /* UIView+Gesture.m */; };
		040702282085860000AA1F2B /* UITableViewCell+BaseMethod.m in Sources */ = {isa = PBXBuildFile; fileRef = 04070219208585FF00AA1F2B /* UITableViewCell+BaseMethod.m */; };
		040702292085860000AA1F2B /* UIButton+Font.m in Sources */ = {isa = PBXBuildFile; fileRef = 0407021A208585FF00AA1F2B /* UIButton+Font.m */; };
		0407022B2085860000AA1F2B /* UILabel+Font.m in Sources */ = {isa = PBXBuildFile; fileRef = 0407021C208585FF00AA1F2B /* UILabel+Font.m */; };
		0407022C2085860000AA1F2B /* UIViewController+Basemethod.m in Sources */ = {isa = PBXBuildFile; fileRef = 040702202085860000AA1F2B /* UIViewController+Basemethod.m */; };
		0407022D2085860000AA1F2B /* UITextField+Placeholder.m in Sources */ = {isa = PBXBuildFile; fileRef = 040702242085860000AA1F2B /* UITextField+Placeholder.m */; };
/* End PBXBuildFile section */

/* Begin PBXContainerItemProxy section */
		040701F62085847A00AA1F2B /* PBXContainerItemProxy */ = {
			isa = PBXContainerItemProxy;
			containerPortal = 040701D52085847800AA1F2B /* Project object */;
			proxyType = 1;
			remoteGlobalIDString = 040701DC2085847800AA1F2B;
			remoteInfo = PSCategory;
		};
		040702012085847A00AA1F2B /* PBXContainerItemProxy */ = {
			isa = PBXContainerItemProxy;
			containerPortal = 040701D52085847800AA1F2B /* Project object */;
			proxyType = 1;
			remoteGlobalIDString = 040701DC2085847800AA1F2B;
			remoteInfo = PSCategory;
		};
/* End PBXContainerItemProxy section */

/* Begin PBXFileReference section */
		040701DD2085847800AA1F2B /* PSCategory.app */ = {isa = PBXFileReference; explicitFileType = wrapper.application; includeInIndex = 0; path = PSCategory.app; sourceTree = BUILT_PRODUCTS_DIR; };
		040701E02085847800AA1F2B /* AppDelegate.h */ = {isa = PBXFileReference; lastKnownFileType = sourcecode.c.h; path = AppDelegate.h; sourceTree = "<group>"; };
		040701E12085847800AA1F2B /* AppDelegate.m */ = {isa = PBXFileReference; lastKnownFileType = sourcecode.c.objc; path = AppDelegate.m; sourceTree = "<group>"; };
		040701E32085847800AA1F2B /* ViewController.h */ = {isa = PBXFileReference; lastKnownFileType = sourcecode.c.h; path = ViewController.h; sourceTree = "<group>"; };
		040701E42085847800AA1F2B /* ViewController.m */ = {isa = PBXFileReference; lastKnownFileType = sourcecode.c.objc; path = ViewController.m; sourceTree = "<group>"; };
		040701E72085847800AA1F2B /* Base */ = {isa = PBXFileReference; lastKnownFileType = file.storyboard; name = Base; path = Base.lproj/Main.storyboard; sourceTree = "<group>"; };
		040701E92085847A00AA1F2B /* Assets.xcassets */ = {isa = PBXFileReference; lastKnownFileType = folder.assetcatalog; path = Assets.xcassets; sourceTree = "<group>"; };
		040701EC2085847A00AA1F2B /* Base */ = {isa = PBXFileReference; lastKnownFileType = file.storyboard; name = Base; path = Base.lproj/LaunchScreen.storyboard; sourceTree = "<group>"; };
		040701EE2085847A00AA1F2B /* Info.plist */ = {isa = PBXFileReference; lastKnownFileType = text.plist.xml; path = Info.plist; sourceTree = "<group>"; };
		040701EF2085847A00AA1F2B /* main.m */ = {isa = PBXFileReference; lastKnownFileType = sourcecode.c.objc; path = main.m; sourceTree = "<group>"; };
		040701F52085847A00AA1F2B /* PSCategoryTests.xctest */ = {isa = PBXFileReference; explicitFileType = wrapper.cfbundle; includeInIndex = 0; path = PSCategoryTests.xctest; sourceTree = BUILT_PRODUCTS_DIR; };
		040701F92085847A00AA1F2B /* PSCategoryTests.m */ = {isa = PBXFileReference; lastKnownFileType = sourcecode.c.objc; path = PSCategoryTests.m; sourceTree = "<group>"; };
		040701FB2085847A00AA1F2B /* Info.plist */ = {isa = PBXFileReference; lastKnownFileType = text.plist.xml; path = Info.plist; sourceTree = "<group>"; };
		040702002085847A00AA1F2B /* PSCategoryUITests.xctest */ = {isa = PBXFileReference; explicitFileType = wrapper.cfbundle; includeInIndex = 0; path = PSCategoryUITests.xctest; sourceTree = BUILT_PRODUCTS_DIR; };
		040702042085847A00AA1F2B /* PSCategoryUITests.m */ = {isa = PBXFileReference; lastKnownFileType = sourcecode.c.objc; path = PSCategoryUITests.m; sourceTree = "<group>"; };
		040702062085847A00AA1F2B /* Info.plist */ = {isa = PBXFileReference; lastKnownFileType = text.plist.xml; path = Info.plist; sourceTree = "<group>"; };
		04070213208585FF00AA1F2B /* UIButton+countDown.m */ = {isa = PBXFileReference; fileEncoding = 4; lastKnownFileType = sourcecode.c.objc; path = "UIButton+countDown.m"; sourceTree = "<group>"; };
		04070214208585FF00AA1F2B /* UIView+Gesture.h */ = {isa = PBXFileReference; fileEncoding = 4; lastKnownFileType = sourcecode.c.h; path = "UIView+Gesture.h"; sourceTree = "<group>"; };
		04070215208585FF00AA1F2B /* UIButton+countDown.h */ = {isa = PBXFileReference; fileEncoding = 4; lastKnownFileType = sourcecode.c.h; path = "UIButton+countDown.h"; sourceTree = "<group>"; };
		04070216208585FF00AA1F2B /* UIView+BaseMethod.m */ = {isa = PBXFileReference; fileEncoding = 4; lastKnownFileType = sourcecode.c.objc; path = "UIView+BaseMethod.m"; sourceTree = "<group>"; };
		04070217208585FF00AA1F2B /* UIView+Gesture.m */ = {isa = PBXFileReference; fileEncoding = 4; lastKnownFileType = sourcecode.c.objc; path = "UIView+Gesture.m"; sourceTree = "<group>"; };
		04070218208585FF00AA1F2B /* UIViewController+Basemethod.h */ = {isa = PBXFileReference; fileEncoding = 4; lastKnownFileType = sourcecode.c.h; path = "UIViewController+Basemethod.h"; sourceTree = "<group>"; };
		04070219208585FF00AA1F2B /* UITableViewCell+BaseMethod.m */ = {isa = PBXFileReference; fileEncoding = 4; lastKnownFileType = sourcecode.c.objc; path = "UITableViewCell+BaseMethod.m"; sourceTree = "<group>"; };
		0407021A208585FF00AA1F2B /* UIButton+Font.m */ = {isa = PBXFileReference; fileEncoding = 4; lastKnownFileType = sourcecode.c.objc; path = "UIButton+Font.m"; sourceTree = "<group>"; };
		0407021C208585FF00AA1F2B /* UILabel+Font.m */ = {isa = PBXFileReference; fileEncoding = 4; lastKnownFileType = sourcecode.c.objc; path = "UILabel+Font.m"; sourceTree = "<group>"; };
		0407021D208585FF00AA1F2B /* UIView+BaseMethod.h */ = {isa = PBXFileReference; fileEncoding = 4; lastKnownFileType = sourcecode.c.h; path = "UIView+BaseMethod.h"; sourceTree = "<group>"; };
		0407021E208585FF00AA1F2B /* UILabel+Font.h */ = {isa = PBXFileReference; fileEncoding = 4; lastKnownFileType = sourcecode.c.h; path = "UILabel+Font.h"; sourceTree = "<group>"; };
		0407021F208585FF00AA1F2B /* UITextField+Placeholder.h */ = {isa = PBXFileReference; fileEncoding = 4; lastKnownFileType = sourcecode.c.h; path = "UITextField+Placeholder.h"; sourceTree = "<group>"; };
		040702202085860000AA1F2B /* UIViewController+Basemethod.m */ = {isa = PBXFileReference; fileEncoding = 4; lastKnownFileType = sourcecode.c.objc; path = "UIViewController+Basemethod.m"; sourceTree = "<group>"; };
		040702222085860000AA1F2B /* UIButton+Font.h */ = {isa = PBXFileReference; fileEncoding = 4; lastKnownFileType = sourcecode.c.h; path = "UIButton+Font.h"; sourceTree = "<group>"; };
		040702232085860000AA1F2B /* UITableViewCell+BaseMethod.h */ = {isa = PBXFileReference; fileEncoding = 4; lastKnownFileType = sourcecode.c.h; path = "UITableViewCell+BaseMethod.h"; sourceTree = "<group>"; };
		040702242085860000AA1F2B /* UITextField+Placeholder.m */ = {isa = PBXFileReference; fileEncoding = 4; lastKnownFileType = sourcecode.c.objc; path = "UITextField+Placeholder.m"; sourceTree = "<group>"; };
		0407022E2085864000AA1F2B /* PSHeader.h */ = {isa = PBXFileReference; lastKnownFileType = sourcecode.c.h; path = PSHeader.h; sourceTree = "<group>"; };
		0407022F2085873400AA1F2B /* PSPrefixHeader.h */ = {isa = PBXFileReference; lastKnownFileType = sourcecode.c.h; path = PSPrefixHeader.h; sourceTree = "<group>"; };
/* End PBXFileReference section */

/* Begin PBXFrameworksBuildPhase section */
		040701DA2085847800AA1F2B /* Frameworks */ = {
			isa = PBXFrameworksBuildPhase;
			buildActionMask = 2147483647;
			files = (
			);
			runOnlyForDeploymentPostprocessing = 0;
		};
		040701F22085847A00AA1F2B /* Frameworks */ = {
			isa = PBXFrameworksBuildPhase;
			buildActionMask = 2147483647;
			files = (
			);
			runOnlyForDeploymentPostprocessing = 0;
		};
		040701FD2085847A00AA1F2B /* Frameworks */ = {
			isa = PBXFrameworksBuildPhase;
			buildActionMask = 2147483647;
			files = (
			);
			runOnlyForDeploymentPostprocessing = 0;
		};
/* End PBXFrameworksBuildPhase section */

/* Begin PBXGroup section */
		040701D42085847800AA1F2B = {
			isa = PBXGroup;
			children = (
				040701DF2085847800AA1F2B /* PSCategory */,
				040701F82085847A00AA1F2B /* PSCategoryTests */,
				040702032085847A00AA1F2B /* PSCategoryUITests */,
				040701DE2085847800AA1F2B /* Products */,
			);
			sourceTree = "<group>";
		};
		040701DE2085847800AA1F2B /* Products */ = {
			isa = PBXGroup;
			children = (
				040701DD2085847800AA1F2B /* PSCategory.app */,
				040701F52085847A00AA1F2B /* PSCategoryTests.xctest */,
				040702002085847A00AA1F2B /* PSCategoryUITests.xctest */,
			);
			name = Products;
			sourceTree = "<group>";
		};
		040701DF2085847800AA1F2B /* PSCategory */ = {
			isa = PBXGroup;
			children = (
				04070212208585B200AA1F2B /* PSCategory */,
				040701E02085847800AA1F2B /* AppDelegate.h */,
				040701E12085847800AA1F2B /* AppDelegate.m */,
				040701E32085847800AA1F2B /* ViewController.h */,
				040701E42085847800AA1F2B /* ViewController.m */,
				040701E62085847800AA1F2B /* Main.storyboard */,
				040701E92085847A00AA1F2B /* Assets.xcassets */,
				040701EB2085847A00AA1F2B /* LaunchScreen.storyboard */,
				040701EE2085847A00AA1F2B /* Info.plist */,
				040701EF2085847A00AA1F2B /* main.m */,
			);
			path = PSCategory;
			sourceTree = "<group>";
		};
		040701F82085847A00AA1F2B /* PSCategoryTests */ = {
			isa = PBXGroup;
			children = (
				040701F92085847A00AA1F2B /* PSCategoryTests.m */,
				040701FB2085847A00AA1F2B /* Info.plist */,
			);
			path = PSCategoryTests;
			sourceTree = "<group>";
		};
		040702032085847A00AA1F2B /* PSCategoryUITests */ = {
			isa = PBXGroup;
			children = (
				040702042085847A00AA1F2B /* PSCategoryUITests.m */,
				040702062085847A00AA1F2B /* Info.plist */,
			);
			path = PSCategoryUITests;
			sourceTree = "<group>";
		};
		04070212208585B200AA1F2B /* PSCategory */ = {
			isa = PBXGroup;
			children = (
				04070215208585FF00AA1F2B /* UIButton+countDown.h */,
				04070213208585FF00AA1F2B /* UIButton+countDown.m */,
				040702222085860000AA1F2B /* UIButton+Font.h */,
				0407021A208585FF00AA1F2B /* UIButton+Font.m */,
				0407021E208585FF00AA1F2B /* UILabel+Font.h */,
				0407021C208585FF00AA1F2B /* UILabel+Font.m */,
				040702232085860000AA1F2B /* UITableViewCell+BaseMethod.h */,
				04070219208585FF00AA1F2B /* UITableViewCell+BaseMethod.m */,
				0407021F208585FF00AA1F2B /* UITextField+Placeholder.h */,
				040702242085860000AA1F2B /* UITextField+Placeholder.m */,
				0407021D208585FF00AA1F2B /* UIView+BaseMethod.h */,
				04070216208585FF00AA1F2B /* UIView+BaseMethod.m */,
				04070214208585FF00AA1F2B /* UIView+Gesture.h */,
				04070217208585FF00AA1F2B /* UIView+Gesture.m */,
				04070218208585FF00AA1F2B /* UIViewController+Basemethod.h */,
				040702202085860000AA1F2B /* UIViewController+Basemethod.m */,
				0407022E2085864000AA1F2B /* PSHeader.h */,
				0407022F2085873400AA1F2B /* PSPrefixHeader.h */,
			);
			path = PSCategory;
			sourceTree = "<group>";
		};
/* End PBXGroup section */

/* Begin PBXNativeTarget section */
		040701DC2085847800AA1F2B /* PSCategory */ = {
			isa = PBXNativeTarget;
			buildConfigurationList = 040702092085847A00AA1F2B /* Build configuration list for PBXNativeTarget "PSCategory" */;
			buildPhases = (
				040701D92085847800AA1F2B /* Sources */,
				040701DA2085847800AA1F2B /* Frameworks */,
				040701DB2085847800AA1F2B /* Resources */,
			);
			buildRules = (
			);
			dependencies = (
			);
			name = PSCategory;
			productName = PSCategory;
			productReference = 040701DD2085847800AA1F2B /* PSCategory.app */;
			productType = "com.apple.product-type.application";
		};
		040701F42085847A00AA1F2B /* PSCategoryTests */ = {
			isa = PBXNativeTarget;
			buildConfigurationList = 0407020C2085847A00AA1F2B /* Build configuration list for PBXNativeTarget "PSCategoryTests" */;
			buildPhases = (
				040701F12085847A00AA1F2B /* Sources */,
				040701F22085847A00AA1F2B /* Frameworks */,
				040701F32085847A00AA1F2B /* Resources */,
			);
			buildRules = (
			);
			dependencies = (
				040701F72085847A00AA1F2B /* PBXTargetDependency */,
			);
			name = PSCategoryTests;
			productName = PSCategoryTests;
			productReference = 040701F52085847A00AA1F2B /* PSCategoryTests.xctest */;
			productType = "com.apple.product-type.bundle.unit-test";
		};
		040701FF2085847A00AA1F2B /* PSCategoryUITests */ = {
			isa = PBXNativeTarget;
			buildConfigurationList = 0407020F2085847A00AA1F2B /* Build configuration list for PBXNativeTarget "PSCategoryUITests" */;
			buildPhases = (
				040701FC2085847A00AA1F2B /* Sources */,
				040701FD2085847A00AA1F2B /* Frameworks */,
				040701FE2085847A00AA1F2B /* Resources */,
			);
			buildRules = (
			);
			dependencies = (
				040702022085847A00AA1F2B /* PBXTargetDependency */,
			);
			name = PSCategoryUITests;
			productName = PSCategoryUITests;
			productReference = 040702002085847A00AA1F2B /* PSCategoryUITests.xctest */;
			productType = "com.apple.product-type.bundle.ui-testing";
		};
/* End PBXNativeTarget section */

/* Begin PBXProject section */
		040701D52085847800AA1F2B /* Project object */ = {
			isa = PBXProject;
			attributes = {
				LastUpgradeCheck = 0930;
				ORGANIZATIONNAME = mac;
				TargetAttributes = {
					040701DC2085847800AA1F2B = {
						CreatedOnToolsVersion = 9.3;
					};
					040701F42085847A00AA1F2B = {
						CreatedOnToolsVersion = 9.3;
						TestTargetID = 040701DC2085847800AA1F2B;
					};
					040701FF2085847A00AA1F2B = {
						CreatedOnToolsVersion = 9.3;
						TestTargetID = 040701DC2085847800AA1F2B;
					};
				};
			};
			buildConfigurationList = 040701D82085847800AA1F2B /* Build configuration list for PBXProject "PSCategory" */;
			compatibilityVersion = "Xcode 9.3";
			developmentRegion = en;
			hasScannedForEncodings = 0;
			knownRegions = (
				en,
				Base,
			);
			mainGroup = 040701D42085847800AA1F2B;
			productRefGroup = 040701DE2085847800AA1F2B /* Products */;
			projectDirPath = "";
			projectRoot = "";
			targets = (
				040701DC2085847800AA1F2B /* PSCategory */,
				040701F42085847A00AA1F2B /* PSCategoryTests */,
				040701FF2085847A00AA1F2B /* PSCategoryUITests */,
			);
		};
/* End PBXProject section */

/* Begin PBXResourcesBuildPhase section */
		040701DB2085847800AA1F2B /* Resources */ = {
			isa = PBXResourcesBuildPhase;
			buildActionMask = 2147483647;
			files = (
				040701ED2085847A00AA1F2B /* LaunchScreen.storyboard in Resources */,
				040701EA2085847A00AA1F2B /* Assets.xcassets in Resources */,
				040701E82085847800AA1F2B /* Main.storyboard in Resources */,
			);
			runOnlyForDeploymentPostprocessing = 0;
		};
		040701F32085847A00AA1F2B /* Resources */ = {
			isa = PBXResourcesBuildPhase;
			buildActionMask = 2147483647;
			files = (
			);
			runOnlyForDeploymentPostprocessing = 0;
		};
		040701FE2085847A00AA1F2B /* Resources */ = {
			isa = PBXResourcesBuildPhase;
			buildActionMask = 2147483647;
			files = (
			);
			runOnlyForDeploymentPostprocessing = 0;
		};
/* End PBXResourcesBuildPhase section */

/* Begin PBXSourcesBuildPhase section */
		040701D92085847800AA1F2B /* Sources */ = {
			isa = PBXSourcesBuildPhase;
			buildActionMask = 2147483647;
			files = (
				040702282085860000AA1F2B /* UITableViewCell+BaseMethod.m in Sources */,
				040702272085860000AA1F2B /* UIView+Gesture.m in Sources */,
				040701E52085847800AA1F2B /* ViewController.m in Sources */,
				0407022C2085860000AA1F2B /* UIViewController+Basemethod.m in Sources */,
				040702252085860000AA1F2B /* UIButton+countDown.m in Sources */,
				040701F02085847A00AA1F2B /* main.m in Sources */,
				040702262085860000AA1F2B /* UIView+BaseMethod.m in Sources */,
				0407022B2085860000AA1F2B /* UILabel+Font.m in Sources */,
				0407022D2085860000AA1F2B /* UITextField+Placeholder.m in Sources */,
				040702292085860000AA1F2B /* UIButton+Font.m in Sources */,
				040701E22085847800AA1F2B /* AppDelegate.m in Sources */,
			);
			runOnlyForDeploymentPostprocessing = 0;
		};
		040701F12085847A00AA1F2B /* Sources */ = {
			isa = PBXSourcesBuildPhase;
			buildActionMask = 2147483647;
			files = (
				040701FA2085847A00AA1F2B /* PSCategoryTests.m in Sources */,
			);
			runOnlyForDeploymentPostprocessing = 0;
		};
		040701FC2085847A00AA1F2B /* Sources */ = {
			isa = PBXSourcesBuildPhase;
			buildActionMask = 2147483647;
			files = (
				040702052085847A00AA1F2B /* PSCategoryUITests.m in Sources */,
			);
			runOnlyForDeploymentPostprocessing = 0;
		};
/* End PBXSourcesBuildPhase section */

/* Begin PBXTargetDependency section */
		040701F72085847A00AA1F2B /* PBXTargetDependency */ = {
			isa = PBXTargetDependency;
			target = 040701DC2085847800AA1F2B /* PSCategory */;
			targetProxy = 040701F62085847A00AA1F2B /* PBXContainerItemProxy */;
		};
		040702022085847A00AA1F2B /* PBXTargetDependency */ = {
			isa = PBXTargetDependency;
			target = 040701DC2085847800AA1F2B /* PSCategory */;
			targetProxy = 040702012085847A00AA1F2B /* PBXContainerItemProxy */;
		};
/* End PBXTargetDependency section */

/* Begin PBXVariantGroup section */
		040701E62085847800AA1F2B /* Main.storyboard */ = {
			isa = PBXVariantGroup;
			children = (
				040701E72085847800AA1F2B /* Base */,
			);
			name = Main.storyboard;
			sourceTree = "<group>";
		};
		040701EB2085847A00AA1F2B /* LaunchScreen.storyboard */ = {
			isa = PBXVariantGroup;
			children = (
				040701EC2085847A00AA1F2B /* Base */,
			);
			name = LaunchScreen.storyboard;
			sourceTree = "<group>";
		};
/* End PBXVariantGroup section */

/* Begin XCBuildConfiguration section */
		040702072085847A00AA1F2B /* Debug */ = {
			isa = XCBuildConfiguration;
			buildSettings = {
				ALWAYS_SEARCH_USER_PATHS = NO;
				CLANG_ANALYZER_NONNULL = YES;
				CLANG_ANALYZER_NUMBER_OBJECT_CONVERSION = YES_AGGRESSIVE;
				CLANG_CXX_LANGUAGE_STANDARD = "gnu++14";
				CLANG_CXX_LIBRARY = "libc++";
				CLANG_ENABLE_MODULES = YES;
				CLANG_ENABLE_OBJC_ARC = YES;
				CLANG_ENABLE_OBJC_WEAK = YES;
				CLANG_WARN_BLOCK_CAPTURE_AUTORELEASING = YES;
				CLANG_WARN_BOOL_CONVERSION = YES;
				CLANG_WARN_COMMA = YES;
				CLANG_WARN_CONSTANT_CONVERSION = YES;
				CLANG_WARN_DEPRECATED_OBJC_IMPLEMENTATIONS = YES;
				CLANG_WARN_DIRECT_OBJC_ISA_USAGE = YES_ERROR;
				CLANG_WARN_DOCUMENTATION_COMMENTS = YES;
				CLANG_WARN_EMPTY_BODY = YES;
				CLANG_WARN_ENUM_CONVERSION = YES;
				CLANG_WARN_INFINITE_RECURSION = YES;
				CLANG_WARN_INT_CONVERSION = YES;
				CLANG_WARN_NON_LITERAL_NULL_CONVERSION = YES;
				CLANG_WARN_OBJC_IMPLICIT_RETAIN_SELF = YES;
				CLANG_WARN_OBJC_LITERAL_CONVERSION = YES;
				CLANG_WARN_OBJC_ROOT_CLASS = YES_ERROR;
				CLANG_WARN_RANGE_LOOP_ANALYSIS = YES;
				CLANG_WARN_STRICT_PROTOTYPES = YES;
				CLANG_WARN_SUSPICIOUS_MOVE = YES;
				CLANG_WARN_UNGUARDED_AVAILABILITY = YES_AGGRESSIVE;
				CLANG_WARN_UNREACHABLE_CODE = YES;
				CLANG_WARN__DUPLICATE_METHOD_MATCH = YES;
				CODE_SIGN_IDENTITY = "iPhone Developer";
				COPY_PHASE_STRIP = NO;
				DEBUG_INFORMATION_FORMAT = dwarf;
				ENABLE_STRICT_OBJC_MSGSEND = YES;
				ENABLE_TESTABILITY = YES;
				GCC_C_LANGUAGE_STANDARD = gnu11;
				GCC_DYNAMIC_NO_PIC = NO;
				GCC_NO_COMMON_BLOCKS = YES;
				GCC_OPTIMIZATION_LEVEL = 0;
				GCC_PREPROCESSOR_DEFINITIONS = (
					"DEBUG=1",
					"$(inherited)",
				);
				GCC_WARN_64_TO_32_BIT_CONVERSION = YES;
				GCC_WARN_ABOUT_RETURN_TYPE = YES_ERROR;
				GCC_WARN_UNDECLARED_SELECTOR = YES;
				GCC_WARN_UNINITIALIZED_AUTOS = YES_AGGRESSIVE;
				GCC_WARN_UNUSED_FUNCTION = YES;
				GCC_WARN_UNUSED_VARIABLE = YES;
				IPHONEOS_DEPLOYMENT_TARGET = 11.3;
				MTL_ENABLE_DEBUG_INFO = YES;
				ONLY_ACTIVE_ARCH = YES;
				SDKROOT = iphoneos;
			};
			name = Debug;
		};
		040702082085847A00AA1F2B /* Release */ = {
			isa = XCBuildConfiguration;
			buildSettings = {
				ALWAYS_SEARCH_USER_PATHS = NO;
				CLANG_ANALYZER_NONNULL = YES;
				CLANG_ANALYZER_NUMBER_OBJECT_CONVERSION = YES_AGGRESSIVE;
				CLANG_CXX_LANGUAGE_STANDARD = "gnu++14";
				CLANG_CXX_LIBRARY = "libc++";
				CLANG_ENABLE_MODULES = YES;
				CLANG_ENABLE_OBJC_ARC = YES;
				CLANG_ENABLE_OBJC_WEAK = YES;
				CLANG_WARN_BLOCK_CAPTURE_AUTORELEASING = YES;
				CLANG_WARN_BOOL_CONVERSION = YES;
				CLANG_WARN_COMMA = YES;
				CLANG_WARN_CONSTANT_CONVERSION = YES;
				CLANG_WARN_DEPRECATED_OBJC_IMPLEMENTATIONS = YES;
				CLANG_WARN_DIRECT_OBJC_ISA_USAGE = YES_ERROR;
				CLANG_WARN_DOCUMENTATION_COMMENTS = YES;
				CLANG_WARN_EMPTY_BODY = YES;
				CLANG_WARN_ENUM_CONVERSION = YES;
				CLANG_WARN_INFINITE_RECURSION = YES;
				CLANG_WARN_INT_CONVERSION = YES;
				CLANG_WARN_NON_LITERAL_NULL_CONVERSION = YES;
				CLANG_WARN_OBJC_IMPLICIT_RETAIN_SELF = YES;
				CLANG_WARN_OBJC_LITERAL_CONVERSION = YES;
				CLANG_WARN_OBJC_ROOT_CLASS = YES_ERROR;
				CLANG_WARN_RANGE_LOOP_ANALYSIS = YES;
				CLANG_WARN_STRICT_PROTOTYPES = YES;
				CLANG_WARN_SUSPICIOUS_MOVE = YES;
				CLANG_WARN_UNGUARDED_AVAILABILITY = YES_AGGRESSIVE;
				CLANG_WARN_UNREACHABLE_CODE = YES;
				CLANG_WARN__DUPLICATE_METHOD_MATCH = YES;
				CODE_SIGN_IDENTITY = "iPhone Developer";
				COPY_PHASE_STRIP = NO;
				DEBUG_INFORMATION_FORMAT = "dwarf-with-dsym";
				ENABLE_NS_ASSERTIONS = NO;
				ENABLE_STRICT_OBJC_MSGSEND = YES;
				GCC_C_LANGUAGE_STANDARD = gnu11;
				GCC_NO_COMMON_BLOCKS = YES;
				GCC_WARN_64_TO_32_BIT_CONVERSION = YES;
				GCC_WARN_ABOUT_RETURN_TYPE = YES_ERROR;
				GCC_WARN_UNDECLARED_SELECTOR = YES;
				GCC_WARN_UNINITIALIZED_AUTOS = YES_AGGRESSIVE;
				GCC_WARN_UNUSED_FUNCTION = YES;
				GCC_WARN_UNUSED_VARIABLE = YES;
				IPHONEOS_DEPLOYMENT_TARGET = 11.3;
				MTL_ENABLE_DEBUG_INFO = NO;
				SDKROOT = iphoneos;
				VALIDATE_PRODUCT = YES;
			};
			name = Release;
		};
		0407020A2085847A00AA1F2B /* Debug */ = {
			isa = XCBuildConfiguration;
			buildSettings = {
				ASSETCATALOG_COMPILER_APPICON_NAME = AppIcon;
				CODE_SIGN_STYLE = Automatic;
				INFOPLIST_FILE = PSCategory/Info.plist;
				LD_RUNPATH_SEARCH_PATHS = (
					"$(inherited)",
					"@executable_path/Frameworks",
				);
				PRODUCT_BUNDLE_IDENTIFIER = coderPeng.PSCategory;
				PRODUCT_NAME = "$(TARGET_NAME)";
				TARGETED_DEVICE_FAMILY = "1,2";
			};
			name = Debug;
		};
		0407020B2085847A00AA1F2B /* Release */ = {
			isa = XCBuildConfiguration;
			buildSettings = {
				ASSETCATALOG_COMPILER_APPICON_NAME = AppIcon;
				CODE_SIGN_STYLE = Automatic;
				INFOPLIST_FILE = PSCategory/Info.plist;
				LD_RUNPATH_SEARCH_PATHS = (
					"$(inherited)",
					"@executable_path/Frameworks",
				);
				PRODUCT_BUNDLE_IDENTIFIER = coderPeng.PSCategory;
				PRODUCT_NAME = "$(TARGET_NAME)";
				TARGETED_DEVICE_FAMILY = "1,2";
			};
			name = Release;
		};
		0407020D2085847A00AA1F2B /* Debug */ = {
			isa = XCBuildConfiguration;
			buildSettings = {
				BUNDLE_LOADER = "$(TEST_HOST)";
				CODE_SIGN_STYLE = Automatic;
				INFOPLIST_FILE = PSCategoryTests/Info.plist;
				LD_RUNPATH_SEARCH_PATHS = (
					"$(inherited)",
					"@executable_path/Frameworks",
					"@loader_path/Frameworks",
				);
				PRODUCT_BUNDLE_IDENTIFIER = coderPeng.PSCategoryTests;
				PRODUCT_NAME = "$(TARGET_NAME)";
				TARGETED_DEVICE_FAMILY = "1,2";
				TEST_HOST = "$(BUILT_PRODUCTS_DIR)/PSCategory.app/PSCategory";
			};
			name = Debug;
		};
		0407020E2085847A00AA1F2B /* Release */ = {
			isa = XCBuildConfiguration;
			buildSettings = {
				BUNDLE_LOADER = "$(TEST_HOST)";
				CODE_SIGN_STYLE = Automatic;
				INFOPLIST_FILE = PSCategoryTests/Info.plist;
				LD_RUNPATH_SEARCH_PATHS = (
					"$(inherited)",
					"@executable_path/Frameworks",
					"@loader_path/Frameworks",
				);
				PRODUCT_BUNDLE_IDENTIFIER = coderPeng.PSCategoryTests;
				PRODUCT_NAME = "$(TARGET_NAME)";
				TARGETED_DEVICE_FAMILY = "1,2";
				TEST_HOST = "$(BUILT_PRODUCTS_DIR)/PSCategory.app/PSCategory";
			};
			name = Release;
		};
		040702102085847A00AA1F2B /* Debug */ = {
			isa = XCBuildConfiguration;
			buildSettings = {
				CODE_SIGN_STYLE = Automatic;
				INFOPLIST_FILE = PSCategoryUITests/Info.plist;
				LD_RUNPATH_SEARCH_PATHS = (
					"$(inherited)",
					"@executable_path/Frameworks",
					"@loader_path/Frameworks",
				);
				PRODUCT_BUNDLE_IDENTIFIER = coderPeng.PSCategoryUITests;
				PRODUCT_NAME = "$(TARGET_NAME)";
				TARGETED_DEVICE_FAMILY = "1,2";
				TEST_TARGET_NAME = PSCategory;
			};
			name = Debug;
		};
		040702112085847A00AA1F2B /* Release */ = {
			isa = XCBuildConfiguration;
			buildSettings = {
				CODE_SIGN_STYLE = Automatic;
				INFOPLIST_FILE = PSCategoryUITests/Info.plist;
				LD_RUNPATH_SEARCH_PATHS = (
					"$(inherited)",
					"@executable_path/Frameworks",
					"@loader_path/Frameworks",
				);
				PRODUCT_BUNDLE_IDENTIFIER = coderPeng.PSCategoryUITests;
				PRODUCT_NAME = "$(TARGET_NAME)";
				TARGETED_DEVICE_FAMILY = "1,2";
				TEST_TARGET_NAME = PSCategory;
			};
			name = Release;
		};
/* End XCBuildConfiguration section */

/* Begin XCConfigurationList section */
		040701D82085847800AA1F2B /* Build configuration list for PBXProject "PSCategory" */ = {
			isa = XCConfigurationList;
			buildConfigurations = (
				040702072085847A00AA1F2B /* Debug */,
				040702082085847A00AA1F2B /* Release */,
			);
			defaultConfigurationIsVisible = 0;
			defaultConfigurationName = Release;
		};
		040702092085847A00AA1F2B /* Build configuration list for PBXNativeTarget "PSCategory" */ = {
			isa = XCConfigurationList;
			buildConfigurations = (
				0407020A2085847A00AA1F2B /* Debug */,
				0407020B2085847A00AA1F2B /* Release */,
			);
			defaultConfigurationIsVisible = 0;
			defaultConfigurationName = Release;
		};
		0407020C2085847A00AA1F2B /* Build configuration list for PBXNativeTarget "PSCategoryTests" */ = {
			isa = XCConfigurationList;
			buildConfigurations = (
				0407020D2085847A00AA1F2B /* Debug */,
				0407020E2085847A00AA1F2B /* Release */,
			);
			defaultConfigurationIsVisible = 0;
			defaultConfigurationName = Release;
		};
		0407020F2085847A00AA1F2B /* Build configuration list for PBXNativeTarget "PSCategoryUITests" */ = {
			isa = XCConfigurationList;
			buildConfigurations = (
				040702102085847A00AA1F2B /* Debug */,
				040702112085847A00AA1F2B /* Release */,
			);
			defaultConfigurationIsVisible = 0;
			defaultConfigurationName = Release;
		};
/* End XCConfigurationList section */
	};
	rootObject = 040701D52085847800AA1F2B /* Project object */;
}
